// !$*UTF8*$!
{
	archiveVersion = 1;
	classes = {
	};
	objectVersion = 50;
	objects = {

/* Begin PBXBuildFile section */
		13245E1722909EF80043A513 /* NewsPresenterClass.m in Sources */ = {isa = PBXBuildFile; fileRef = 13245E1622909EF80043A513 /* NewsPresenterClass.m */; };
		1381CE582290C9D900B6B727 /* NewsCoreData+CoreDataClass.m in Sources */ = {isa = PBXBuildFile; fileRef = 1381CE562290C9D900B6B727 /* NewsCoreData+CoreDataClass.m */; };
		1381CE592290C9D900B6B727 /* NewsCoreData+CoreDataProperties.m in Sources */ = {isa = PBXBuildFile; fileRef = 1381CE572290C9D900B6B727 /* NewsCoreData+CoreDataProperties.m */; };
		13934B132290A48900B2DDCB /* SafariServices.framework in Frameworks */ = {isa = PBXBuildFile; fileRef = 13934B122290A48900B2DDCB /* SafariServices.framework */; };
		13934B192290C29900B2DDCB /* NewsCoreDataService.m in Sources */ = {isa = PBXBuildFile; fileRef = 13934B182290C29900B2DDCB /* NewsCoreDataService.m */; };
		13BE04AE228D975B001EFAAA /* AppDelegate.m in Sources */ = {isa = PBXBuildFile; fileRef = 13BE04AD228D975B001EFAAA /* AppDelegate.m */; };
		13BE04B7228D975B001EFAAA /* SberCrypto.xcdatamodeld in Sources */ = {isa = PBXBuildFile; fileRef = 13BE04B5228D975B001EFAAA /* SberCrypto.xcdatamodeld */; };
		13BE04B9228D975F001EFAAA /* Assets.xcassets in Resources */ = {isa = PBXBuildFile; fileRef = 13BE04B8228D975F001EFAAA /* Assets.xcassets */; };
		13BE04BC228D975F001EFAAA /* LaunchScreen.storyboard in Resources */ = {isa = PBXBuildFile; fileRef = 13BE04BA228D975F001EFAAA /* LaunchScreen.storyboard */; };
		13BE04BF228D975F001EFAAA /* main.m in Sources */ = {isa = PBXBuildFile; fileRef = 13BE04BE228D975F001EFAAA /* main.m */; };
		13BE04C9228D975F001EFAAA /* SberCryptoTests.m in Sources */ = {isa = PBXBuildFile; fileRef = 13BE04C8228D975F001EFAAA /* SberCryptoTests.m */; };
		13BE04D4228D975F001EFAAA /* SberCryptoUITests.m in Sources */ = {isa = PBXBuildFile; fileRef = 13BE04D3228D975F001EFAAA /* SberCryptoUITests.m */; };
		13BE04E2228D988C001EFAAA /* GoogleService-Info.plist in Resources */ = {isa = PBXBuildFile; fileRef = 13BE04E1228D988C001EFAAA /* GoogleService-Info.plist */; };
		13BE04E3228D988C001EFAAA /* GoogleService-Info.plist in Resources */ = {isa = PBXBuildFile; fileRef = 13BE04E1228D988C001EFAAA /* GoogleService-Info.plist */; };
		13BE04E4228D988C001EFAAA /* GoogleService-Info.plist in Resources */ = {isa = PBXBuildFile; fileRef = 13BE04E1228D988C001EFAAA /* GoogleService-Info.plist */; };
		13BE04FC228DA51F001EFAAA /* NetworkHelper.m in Sources */ = {isa = PBXBuildFile; fileRef = 13BE04FB228DA51F001EFAAA /* NetworkHelper.m */; };
		13BE04FF228DA5E9001EFAAA /* NetworkService.m in Sources */ = {isa = PBXBuildFile; fileRef = 13BE04FE228DA5E9001EFAAA /* NetworkService.m */; };
		13BE0503228DA61D001EFAAA /* NewsModel.m in Sources */ = {isa = PBXBuildFile; fileRef = 13BE0502228DA61D001EFAAA /* NewsModel.m */; };
		13BE051B228DFFB1001EFAAA /* NewsTableViewCell.m in Sources */ = {isa = PBXBuildFile; fileRef = 13BE051A228DFFB1001EFAAA /* NewsTableViewCell.m */; };
		13BE051E228E03C9001EFAAA /* NewsViewController.m in Sources */ = {isa = PBXBuildFile; fileRef = 13BE051D228E03C9001EFAAA /* NewsViewController.m */; };
		18AE9CFB2D59D0743DFF6A1F /* libPods-SberCryptoUITests.a in Frameworks */ = {isa = PBXBuildFile; fileRef = 78E292A63BDE6EBB85DE1FB3 /* libPods-SberCryptoUITests.a */; };
		359944B1A25A91503B9AB4D4 /* libPods-SberCrypto.a in Frameworks */ = {isa = PBXBuildFile; fileRef = A7C8F50B686A5C629EB07B33 /* libPods-SberCrypto.a */; };
		E267D0449018AB928CAF5B4F /* libPods-SberCryptoTests.a in Frameworks */ = {isa = PBXBuildFile; fileRef = C8B3891BCE68E13B039AB8A4 /* libPods-SberCryptoTests.a */; };
/* End PBXBuildFile section */

/* Begin PBXContainerItemProxy section */
		13BE04C5228D975F001EFAAA /* PBXContainerItemProxy */ = {
			isa = PBXContainerItemProxy;
			containerPortal = 13BE04A1228D975A001EFAAA /* Project object */;
			proxyType = 1;
			remoteGlobalIDString = 13BE04A8228D975B001EFAAA;
			remoteInfo = SberCrypto;
		};
		13BE04D0228D975F001EFAAA /* PBXContainerItemProxy */ = {
			isa = PBXContainerItemProxy;
			containerPortal = 13BE04A1228D975A001EFAAA /* Project object */;
			proxyType = 1;
			remoteGlobalIDString = 13BE04A8228D975B001EFAAA;
			remoteInfo = SberCrypto;
		};
/* End PBXContainerItemProxy section */

/* Begin PBXFileReference section */
		13245E1522909EF80043A513 /* NewsPresenterClass.h */ = {isa = PBXFileReference; lastKnownFileType = sourcecode.c.h; path = NewsPresenterClass.h; sourceTree = "<group>"; };
		13245E1622909EF80043A513 /* NewsPresenterClass.m */ = {isa = PBXFileReference; lastKnownFileType = sourcecode.c.objc; path = NewsPresenterClass.m; sourceTree = "<group>"; };
		1381CE542290C9D900B6B727 /* NewsCoreData+CoreDataProperties.h */ = {isa = PBXFileReference; lastKnownFileType = sourcecode.c.h; path = "NewsCoreData+CoreDataProperties.h"; sourceTree = "<group>"; };
		1381CE552290C9D900B6B727 /* NewsCoreData+CoreDataClass.h */ = {isa = PBXFileReference; lastKnownFileType = sourcecode.c.h; path = "NewsCoreData+CoreDataClass.h"; sourceTree = "<group>"; };
		1381CE562290C9D900B6B727 /* NewsCoreData+CoreDataClass.m */ = {isa = PBXFileReference; lastKnownFileType = sourcecode.c.objc; path = "NewsCoreData+CoreDataClass.m"; sourceTree = "<group>"; };
		1381CE572290C9D900B6B727 /* NewsCoreData+CoreDataProperties.m */ = {isa = PBXFileReference; lastKnownFileType = sourcecode.c.objc; path = "NewsCoreData+CoreDataProperties.m"; sourceTree = "<group>"; };
		13934B122290A48900B2DDCB /* SafariServices.framework */ = {isa = PBXFileReference; lastKnownFileType = wrapper.framework; name = SafariServices.framework; path = System/Library/Frameworks/SafariServices.framework; sourceTree = SDKROOT; };
		13934B172290C29900B2DDCB /* NewsCoreDataService.h */ = {isa = PBXFileReference; lastKnownFileType = sourcecode.c.h; path = NewsCoreDataService.h; sourceTree = "<group>"; };
		13934B182290C29900B2DDCB /* NewsCoreDataService.m */ = {isa = PBXFileReference; lastKnownFileType = sourcecode.c.objc; path = NewsCoreDataService.m; sourceTree = "<group>"; };
		13BE04A9228D975B001EFAAA /* SberCrypto.app */ = {isa = PBXFileReference; explicitFileType = wrapper.application; includeInIndex = 0; path = SberCrypto.app; sourceTree = BUILT_PRODUCTS_DIR; };
		13BE04AC228D975B001EFAAA /* AppDelegate.h */ = {isa = PBXFileReference; lastKnownFileType = sourcecode.c.h; path = AppDelegate.h; sourceTree = "<group>"; };
		13BE04AD228D975B001EFAAA /* AppDelegate.m */ = {isa = PBXFileReference; lastKnownFileType = sourcecode.c.objc; path = AppDelegate.m; sourceTree = "<group>"; };
		13BE04B6228D975B001EFAAA /* SberCrypto.xcdatamodel */ = {isa = PBXFileReference; lastKnownFileType = wrapper.xcdatamodel; path = SberCrypto.xcdatamodel; sourceTree = "<group>"; };
		13BE04B8228D975F001EFAAA /* Assets.xcassets */ = {isa = PBXFileReference; lastKnownFileType = folder.assetcatalog; path = Assets.xcassets; sourceTree = "<group>"; };
		13BE04BB228D975F001EFAAA /* Base */ = {isa = PBXFileReference; lastKnownFileType = file.storyboard; name = Base; path = Base.lproj/LaunchScreen.storyboard; sourceTree = "<group>"; };
		13BE04BD228D975F001EFAAA /* Info.plist */ = {isa = PBXFileReference; lastKnownFileType = text.plist.xml; path = Info.plist; sourceTree = "<group>"; };
		13BE04BE228D975F001EFAAA /* main.m */ = {isa = PBXFileReference; lastKnownFileType = sourcecode.c.objc; path = main.m; sourceTree = "<group>"; };
		13BE04C4228D975F001EFAAA /* SberCryptoTests.xctest */ = {isa = PBXFileReference; explicitFileType = wrapper.cfbundle; includeInIndex = 0; path = SberCryptoTests.xctest; sourceTree = BUILT_PRODUCTS_DIR; };
		13BE04C8228D975F001EFAAA /* SberCryptoTests.m */ = {isa = PBXFileReference; lastKnownFileType = sourcecode.c.objc; path = SberCryptoTests.m; sourceTree = "<group>"; };
		13BE04CA228D975F001EFAAA /* Info.plist */ = {isa = PBXFileReference; lastKnownFileType = text.plist.xml; path = Info.plist; sourceTree = "<group>"; };
		13BE04CF228D975F001EFAAA /* SberCryptoUITests.xctest */ = {isa = PBXFileReference; explicitFileType = wrapper.cfbundle; includeInIndex = 0; path = SberCryptoUITests.xctest; sourceTree = BUILT_PRODUCTS_DIR; };
		13BE04D3228D975F001EFAAA /* SberCryptoUITests.m */ = {isa = PBXFileReference; lastKnownFileType = sourcecode.c.objc; path = SberCryptoUITests.m; sourceTree = "<group>"; };
		13BE04D5228D975F001EFAAA /* Info.plist */ = {isa = PBXFileReference; lastKnownFileType = text.plist.xml; path = Info.plist; sourceTree = "<group>"; };
		13BE04E1228D988C001EFAAA /* GoogleService-Info.plist */ = {isa = PBXFileReference; fileEncoding = 4; lastKnownFileType = text.plist.xml; path = "GoogleService-Info.plist"; sourceTree = "<group>"; };
		13BE04FA228DA51F001EFAAA /* NetworkHelper.h */ = {isa = PBXFileReference; lastKnownFileType = sourcecode.c.h; name = NetworkHelper.h; path = ../NetworkHelper.h; sourceTree = "<group>"; };
		13BE04FB228DA51F001EFAAA /* NetworkHelper.m */ = {isa = PBXFileReference; lastKnownFileType = sourcecode.c.objc; name = NetworkHelper.m; path = ../NetworkHelper.m; sourceTree = "<group>"; };
		13BE04FD228DA5E9001EFAAA /* NetworkService.h */ = {isa = PBXFileReference; lastKnownFileType = sourcecode.c.h; name = NetworkService.h; path = ../NetworkService.h; sourceTree = "<group>"; };
		13BE04FE228DA5E9001EFAAA /* NetworkService.m */ = {isa = PBXFileReference; lastKnownFileType = sourcecode.c.objc; name = NetworkService.m; path = ../NetworkService.m; sourceTree = "<group>"; };
		13BE0501228DA61D001EFAAA /* NewsModel.h */ = {isa = PBXFileReference; lastKnownFileType = sourcecode.c.h; path = NewsModel.h; sourceTree = "<group>"; };
		13BE0502228DA61D001EFAAA /* NewsModel.m */ = {isa = PBXFileReference; lastKnownFileType = sourcecode.c.objc; path = NewsModel.m; sourceTree = "<group>"; };
		13BE0519228DFFB1001EFAAA /* NewsTableViewCell.h */ = {isa = PBXFileReference; lastKnownFileType = sourcecode.c.h; path = NewsTableViewCell.h; sourceTree = "<group>"; };
		13BE051A228DFFB1001EFAAA /* NewsTableViewCell.m */ = {isa = PBXFileReference; lastKnownFileType = sourcecode.c.objc; path = NewsTableViewCell.m; sourceTree = "<group>"; };
		13BE051C228E03C9001EFAAA /* NewsViewController.h */ = {isa = PBXFileReference; lastKnownFileType = sourcecode.c.h; path = NewsViewController.h; sourceTree = "<group>"; };
		13BE051D228E03C9001EFAAA /* NewsViewController.m */ = {isa = PBXFileReference; lastKnownFileType = sourcecode.c.objc; path = NewsViewController.m; sourceTree = "<group>"; };
		26E8E3722CDE87C3A7876B90 /* Pods-SberCrypto.release.xcconfig */ = {isa = PBXFileReference; includeInIndex = 1; lastKnownFileType = text.xcconfig; name = "Pods-SberCrypto.release.xcconfig"; path = "Pods/Target Support Files/Pods-SberCrypto/Pods-SberCrypto.release.xcconfig"; sourceTree = "<group>"; };
		78E292A63BDE6EBB85DE1FB3 /* libPods-SberCryptoUITests.a */ = {isa = PBXFileReference; explicitFileType = archive.ar; includeInIndex = 0; path = "libPods-SberCryptoUITests.a"; sourceTree = BUILT_PRODUCTS_DIR; };
		7AB53B8D08C94FE044091112 /* Pods-SberCryptoUITests.debug.xcconfig */ = {isa = PBXFileReference; includeInIndex = 1; lastKnownFileType = text.xcconfig; name = "Pods-SberCryptoUITests.debug.xcconfig"; path = "Pods/Target Support Files/Pods-SberCryptoUITests/Pods-SberCryptoUITests.debug.xcconfig"; sourceTree = "<group>"; };
		9BC382F9C0732D4E929AA747 /* Pods-SberCryptoTests.debug.xcconfig */ = {isa = PBXFileReference; includeInIndex = 1; lastKnownFileType = text.xcconfig; name = "Pods-SberCryptoTests.debug.xcconfig"; path = "Pods/Target Support Files/Pods-SberCryptoTests/Pods-SberCryptoTests.debug.xcconfig"; sourceTree = "<group>"; };
		9D6DEB9BD541DE089F5E35FD /* Pods-SberCryptoUITests.release.xcconfig */ = {isa = PBXFileReference; includeInIndex = 1; lastKnownFileType = text.xcconfig; name = "Pods-SberCryptoUITests.release.xcconfig"; path = "Pods/Target Support Files/Pods-SberCryptoUITests/Pods-SberCryptoUITests.release.xcconfig"; sourceTree = "<group>"; };
		A55451C98A4BDA5CE971BAA0 /* Pods-SberCryptoTests.release.xcconfig */ = {isa = PBXFileReference; includeInIndex = 1; lastKnownFileType = text.xcconfig; name = "Pods-SberCryptoTests.release.xcconfig"; path = "Pods/Target Support Files/Pods-SberCryptoTests/Pods-SberCryptoTests.release.xcconfig"; sourceTree = "<group>"; };
		A7C8F50B686A5C629EB07B33 /* libPods-SberCrypto.a */ = {isa = PBXFileReference; explicitFileType = archive.ar; includeInIndex = 0; path = "libPods-SberCrypto.a"; sourceTree = BUILT_PRODUCTS_DIR; };
		C659D9CCE69A3E8124A634E6 /* Pods-SberCrypto.debug.xcconfig */ = {isa = PBXFileReference; includeInIndex = 1; lastKnownFileType = text.xcconfig; name = "Pods-SberCrypto.debug.xcconfig"; path = "Pods/Target Support Files/Pods-SberCrypto/Pods-SberCrypto.debug.xcconfig"; sourceTree = "<group>"; };
		C8B3891BCE68E13B039AB8A4 /* libPods-SberCryptoTests.a */ = {isa = PBXFileReference; explicitFileType = archive.ar; includeInIndex = 0; path = "libPods-SberCryptoTests.a"; sourceTree = BUILT_PRODUCTS_DIR; };
/* End PBXFileReference section */

/* Begin PBXFrameworksBuildPhase section */
		13BE04A6228D975B001EFAAA /* Frameworks */ = {
			isa = PBXFrameworksBuildPhase;
			buildActionMask = 2147483647;
			files = (
				13934B132290A48900B2DDCB /* SafariServices.framework in Frameworks */,
				359944B1A25A91503B9AB4D4 /* libPods-SberCrypto.a in Frameworks */,
			);
			runOnlyForDeploymentPostprocessing = 0;
		};
		13BE04C1228D975F001EFAAA /* Frameworks */ = {
			isa = PBXFrameworksBuildPhase;
			buildActionMask = 2147483647;
			files = (
				E267D0449018AB928CAF5B4F /* libPods-SberCryptoTests.a in Frameworks */,
			);
			runOnlyForDeploymentPostprocessing = 0;
		};
		13BE04CC228D975F001EFAAA /* Frameworks */ = {
			isa = PBXFrameworksBuildPhase;
			buildActionMask = 2147483647;
			files = (
				18AE9CFB2D59D0743DFF6A1F /* libPods-SberCryptoUITests.a in Frameworks */,
			);
			runOnlyForDeploymentPostprocessing = 0;
		};
/* End PBXFrameworksBuildPhase section */

/* Begin PBXGroup section */
		1381CE532290C9BE00B6B727 /* CoreData */ = {
			isa = PBXGroup;
			children = (
				1381CE542290C9D900B6B727 /* NewsCoreData+CoreDataProperties.h */,
				1381CE552290C9D900B6B727 /* NewsCoreData+CoreDataClass.h */,
				1381CE562290C9D900B6B727 /* NewsCoreData+CoreDataClass.m */,
				1381CE572290C9D900B6B727 /* NewsCoreData+CoreDataProperties.m */,
				13934B172290C29900B2DDCB /* NewsCoreDataService.h */,
				13934B182290C29900B2DDCB /* NewsCoreDataService.m */,
			);
			path = CoreData;
			sourceTree = "<group>";
		};
		13934B1A2290C99800B2DDCB /* Network */ = {
			isa = PBXGroup;
			children = (
				13BE04FA228DA51F001EFAAA /* NetworkHelper.h */,
				13BE04FB228DA51F001EFAAA /* NetworkHelper.m */,
				13BE04FD228DA5E9001EFAAA /* NetworkService.h */,
				13BE04FE228DA5E9001EFAAA /* NetworkService.m */,
			);
			path = Network;
			sourceTree = "<group>";
		};
		13BE04A0228D975A001EFAAA = {
			isa = PBXGroup;
			children = (
				13BE04AB228D975B001EFAAA /* SberCrypto */,
				13BE04C7228D975F001EFAAA /* SberCryptoTests */,
				13BE04D2228D975F001EFAAA /* SberCryptoUITests */,
				13BE04AA228D975B001EFAAA /* Products */,
				5963389309E87542F3B25CD2 /* Pods */,
				3148674EBBB5B1457DF2EB57 /* Frameworks */,
			);
			sourceTree = "<group>";
		};
		13BE04AA228D975B001EFAAA /* Products */ = {
			isa = PBXGroup;
			children = (
				13BE04A9228D975B001EFAAA /* SberCrypto.app */,
				13BE04C4228D975F001EFAAA /* SberCryptoTests.xctest */,
				13BE04CF228D975F001EFAAA /* SberCryptoUITests.xctest */,
			);
			name = Products;
			sourceTree = "<group>";
		};
		13BE04AB228D975B001EFAAA /* SberCrypto */ = {
			isa = PBXGroup;
			children = (
				13BE04AC228D975B001EFAAA /* AppDelegate.h */,
				13BE04AD228D975B001EFAAA /* AppDelegate.m */,
				13BE04F3228DA1DA001EFAAA /* News */,
				13BE04B8228D975F001EFAAA /* Assets.xcassets */,
				13BE04BA228D975F001EFAAA /* LaunchScreen.storyboard */,
				13BE04BD228D975F001EFAAA /* Info.plist */,
				13BE04BE228D975F001EFAAA /* main.m */,
				13BE04B5228D975B001EFAAA /* SberCrypto.xcdatamodeld */,
			);
			path = SberCrypto;
			sourceTree = "<group>";
		};
		13BE04C7228D975F001EFAAA /* SberCryptoTests */ = {
			isa = PBXGroup;
			children = (
				13BE04C8228D975F001EFAAA /* SberCryptoTests.m */,
				13BE04CA228D975F001EFAAA /* Info.plist */,
				13BE04E1228D988C001EFAAA /* GoogleService-Info.plist */,
			);
			path = SberCryptoTests;
			sourceTree = "<group>";
		};
		13BE04D2228D975F001EFAAA /* SberCryptoUITests */ = {
			isa = PBXGroup;
			children = (
				13BE04D3228D975F001EFAAA /* SberCryptoUITests.m */,
				13BE04D5228D975F001EFAAA /* Info.plist */,
			);
			path = SberCryptoUITests;
			sourceTree = "<group>";
		};
		13BE04F3228DA1DA001EFAAA /* News */ = {
			isa = PBXGroup;
			children = (
				13BE0500228DA60D001EFAAA /* Model */,
				13BE04F6228DA2F7001EFAAA /* Presenter */,
				13BE04F5228DA2F2001EFAAA /* View */,
			);
			path = News;
			sourceTree = "<group>";
		};
		13BE04F4228DA1F2001EFAAA /* Controller */ = {
			isa = PBXGroup;
			children = (
				13BE051C228E03C9001EFAAA /* NewsViewController.h */,
				13BE051D228E03C9001EFAAA /* NewsViewController.m */,
			);
			path = Controller;
			sourceTree = "<group>";
		};
		13BE04F5228DA2F2001EFAAA /* View */ = {
			isa = PBXGroup;
			children = (
				13BE0518228DFF9D001EFAAA /* Cell */,
				13BE04F4228DA1F2001EFAAA /* Controller */,
			);
			path = View;
			sourceTree = "<group>";
		};
		13BE04F6228DA2F7001EFAAA /* Presenter */ = {
			isa = PBXGroup;
			children = (
				13245E1522909EF80043A513 /* NewsPresenterClass.h */,
				13245E1622909EF80043A513 /* NewsPresenterClass.m */,
				13BE04F7228DA303001EFAAA /* Service */,
			);
			path = Presenter;
			sourceTree = "<group>";
		};
		13BE04F7228DA303001EFAAA /* Service */ = {
			isa = PBXGroup;
			children = (
				13934B1A2290C99800B2DDCB /* Network */,
				1381CE532290C9BE00B6B727 /* CoreData */,
			);
			path = Service;
			sourceTree = "<group>";
		};
		13BE0500228DA60D001EFAAA /* Model */ = {
			isa = PBXGroup;
			children = (
				13BE0501228DA61D001EFAAA /* NewsModel.h */,
				13BE0502228DA61D001EFAAA /* NewsModel.m */,
			);
			path = Model;
			sourceTree = "<group>";
		};
		13BE0518228DFF9D001EFAAA /* Cell */ = {
			isa = PBXGroup;
			children = (
				13BE0519228DFFB1001EFAAA /* NewsTableViewCell.h */,
				13BE051A228DFFB1001EFAAA /* NewsTableViewCell.m */,
			);
			path = Cell;
			sourceTree = "<group>";
		};
		3148674EBBB5B1457DF2EB57 /* Frameworks */ = {
			isa = PBXGroup;
			children = (
				13934B122290A48900B2DDCB /* SafariServices.framework */,
				A7C8F50B686A5C629EB07B33 /* libPods-SberCrypto.a */,
				C8B3891BCE68E13B039AB8A4 /* libPods-SberCryptoTests.a */,
				78E292A63BDE6EBB85DE1FB3 /* libPods-SberCryptoUITests.a */,
			);
			name = Frameworks;
			sourceTree = "<group>";
		};
		5963389309E87542F3B25CD2 /* Pods */ = {
			isa = PBXGroup;
			children = (
				C659D9CCE69A3E8124A634E6 /* Pods-SberCrypto.debug.xcconfig */,
				26E8E3722CDE87C3A7876B90 /* Pods-SberCrypto.release.xcconfig */,
				9BC382F9C0732D4E929AA747 /* Pods-SberCryptoTests.debug.xcconfig */,
				A55451C98A4BDA5CE971BAA0 /* Pods-SberCryptoTests.release.xcconfig */,
				7AB53B8D08C94FE044091112 /* Pods-SberCryptoUITests.debug.xcconfig */,
				9D6DEB9BD541DE089F5E35FD /* Pods-SberCryptoUITests.release.xcconfig */,
			);
			name = Pods;
			sourceTree = "<group>";
		};
/* End PBXGroup section */

/* Begin PBXNativeTarget section */
		13BE04A8228D975B001EFAAA /* SberCrypto */ = {
			isa = PBXNativeTarget;
			buildConfigurationList = 13BE04D8228D975F001EFAAA /* Build configuration list for PBXNativeTarget "SberCrypto" */;
			buildPhases = (
				91FA0B828D084884CE1894A2 /* [CP] Check Pods Manifest.lock */,
				13BE04A5228D975B001EFAAA /* Sources */,
				13BE04A6228D975B001EFAAA /* Frameworks */,
				13BE04A7228D975B001EFAAA /* Resources */,
			);
			buildRules = (
			);
			dependencies = (
			);
			name = SberCrypto;
			productName = SberCrypto;
			productReference = 13BE04A9228D975B001EFAAA /* SberCrypto.app */;
			productType = "com.apple.product-type.application";
		};
		13BE04C3228D975F001EFAAA /* SberCryptoTests */ = {
			isa = PBXNativeTarget;
			buildConfigurationList = 13BE04DB228D975F001EFAAA /* Build configuration list for PBXNativeTarget "SberCryptoTests" */;
			buildPhases = (
				95E991C95D21185A01640277 /* [CP] Check Pods Manifest.lock */,
				13BE04C0228D975F001EFAAA /* Sources */,
				13BE04C1228D975F001EFAAA /* Frameworks */,
				13BE04C2228D975F001EFAAA /* Resources */,
			);
			buildRules = (
			);
			dependencies = (
				13BE04C6228D975F001EFAAA /* PBXTargetDependency */,
			);
			name = SberCryptoTests;
			productName = SberCryptoTests;
			productReference = 13BE04C4228D975F001EFAAA /* SberCryptoTests.xctest */;
			productType = "com.apple.product-type.bundle.unit-test";
		};
		13BE04CE228D975F001EFAAA /* SberCryptoUITests */ = {
			isa = PBXNativeTarget;
			buildConfigurationList = 13BE04DE228D975F001EFAAA /* Build configuration list for PBXNativeTarget "SberCryptoUITests" */;
			buildPhases = (
				C99174E8981402F66560A720 /* [CP] Check Pods Manifest.lock */,
				13BE04CB228D975F001EFAAA /* Sources */,
				13BE04CC228D975F001EFAAA /* Frameworks */,
				13BE04CD228D975F001EFAAA /* Resources */,
			);
			buildRules = (
			);
			dependencies = (
				13BE04D1228D975F001EFAAA /* PBXTargetDependency */,
			);
			name = SberCryptoUITests;
			productName = SberCryptoUITests;
			productReference = 13BE04CF228D975F001EFAAA /* SberCryptoUITests.xctest */;
			productType = "com.apple.product-type.bundle.ui-testing";
		};
/* End PBXNativeTarget section */

/* Begin PBXProject section */
		13BE04A1228D975A001EFAAA /* Project object */ = {
			isa = PBXProject;
			attributes = {
				LastUpgradeCheck = 1020;
				ORGANIZATIONNAME = "Сергей Грызин";
				TargetAttributes = {
					13BE04A8228D975B001EFAAA = {
						CreatedOnToolsVersion = 10.2.1;
					};
					13BE04C3228D975F001EFAAA = {
						CreatedOnToolsVersion = 10.2.1;
						TestTargetID = 13BE04A8228D975B001EFAAA;
					};
					13BE04CE228D975F001EFAAA = {
						CreatedOnToolsVersion = 10.2.1;
						TestTargetID = 13BE04A8228D975B001EFAAA;
					};
				};
			};
			buildConfigurationList = 13BE04A4228D975A001EFAAA /* Build configuration list for PBXProject "SberCrypto" */;
			compatibilityVersion = "Xcode 9.3";
			developmentRegion = en;
			hasScannedForEncodings = 0;
			knownRegions = (
				en,
				Base,
			);
			mainGroup = 13BE04A0228D975A001EFAAA;
			productRefGroup = 13BE04AA228D975B001EFAAA /* Products */;
			projectDirPath = "";
			projectRoot = "";
			targets = (
				13BE04A8228D975B001EFAAA /* SberCrypto */,
				13BE04C3228D975F001EFAAA /* SberCryptoTests */,
				13BE04CE228D975F001EFAAA /* SberCryptoUITests */,
			);
		};
/* End PBXProject section */

/* Begin PBXResourcesBuildPhase section */
		13BE04A7228D975B001EFAAA /* Resources */ = {
			isa = PBXResourcesBuildPhase;
			buildActionMask = 2147483647;
			files = (
				13BE04BC228D975F001EFAAA /* LaunchScreen.storyboard in Resources */,
				13BE04B9228D975F001EFAAA /* Assets.xcassets in Resources */,
				13BE04E2228D988C001EFAAA /* GoogleService-Info.plist in Resources */,
			);
			runOnlyForDeploymentPostprocessing = 0;
		};
		13BE04C2228D975F001EFAAA /* Resources */ = {
			isa = PBXResourcesBuildPhase;
			buildActionMask = 2147483647;
			files = (
				13BE04E3228D988C001EFAAA /* GoogleService-Info.plist in Resources */,
			);
			runOnlyForDeploymentPostprocessing = 0;
		};
		13BE04CD228D975F001EFAAA /* Resources */ = {
			isa = PBXResourcesBuildPhase;
			buildActionMask = 2147483647;
			files = (
				13BE04E4228D988C001EFAAA /* GoogleService-Info.plist in Resources */,
			);
			runOnlyForDeploymentPostprocessing = 0;
		};
/* End PBXResourcesBuildPhase section */

/* Begin PBXShellScriptBuildPhase section */
		91FA0B828D084884CE1894A2 /* [CP] Check Pods Manifest.lock */ = {
			isa = PBXShellScriptBuildPhase;
			buildActionMask = 2147483647;
			files = (
			);
			inputFileListPaths = (
			);
			inputPaths = (
				"${PODS_PODFILE_DIR_PATH}/Podfile.lock",
				"${PODS_ROOT}/Manifest.lock",
			);
			name = "[CP] Check Pods Manifest.lock";
			outputFileListPaths = (
			);
			outputPaths = (
				"$(DERIVED_FILE_DIR)/Pods-SberCrypto-checkManifestLockResult.txt",
			);
			runOnlyForDeploymentPostprocessing = 0;
			shellPath = /bin/sh;
			shellScript = "diff \"${PODS_PODFILE_DIR_PATH}/Podfile.lock\" \"${PODS_ROOT}/Manifest.lock\" > /dev/null\nif [ $? != 0 ] ; then\n    # print error to STDERR\n    echo \"error: The sandbox is not in sync with the Podfile.lock. Run 'pod install' or update your CocoaPods installation.\" >&2\n    exit 1\nfi\n# This output is used by Xcode 'outputs' to avoid re-running this script phase.\necho \"SUCCESS\" > \"${SCRIPT_OUTPUT_FILE_0}\"\n";
			showEnvVarsInLog = 0;
		};
		95E991C95D21185A01640277 /* [CP] Check Pods Manifest.lock */ = {
			isa = PBXShellScriptBuildPhase;
			buildActionMask = 2147483647;
			files = (
			);
			inputFileListPaths = (
			);
			inputPaths = (
				"${PODS_PODFILE_DIR_PATH}/Podfile.lock",
				"${PODS_ROOT}/Manifest.lock",
			);
			name = "[CP] Check Pods Manifest.lock";
			outputFileListPaths = (
			);
			outputPaths = (
				"$(DERIVED_FILE_DIR)/Pods-SberCryptoTests-checkManifestLockResult.txt",
			);
			runOnlyForDeploymentPostprocessing = 0;
			shellPath = /bin/sh;
			shellScript = "diff \"${PODS_PODFILE_DIR_PATH}/Podfile.lock\" \"${PODS_ROOT}/Manifest.lock\" > /dev/null\nif [ $? != 0 ] ; then\n    # print error to STDERR\n    echo \"error: The sandbox is not in sync with the Podfile.lock. Run 'pod install' or update your CocoaPods installation.\" >&2\n    exit 1\nfi\n# This output is used by Xcode 'outputs' to avoid re-running this script phase.\necho \"SUCCESS\" > \"${SCRIPT_OUTPUT_FILE_0}\"\n";
			showEnvVarsInLog = 0;
		};
		C99174E8981402F66560A720 /* [CP] Check Pods Manifest.lock */ = {
			isa = PBXShellScriptBuildPhase;
			buildActionMask = 2147483647;
			files = (
			);
			inputFileListPaths = (
			);
			inputPaths = (
				"${PODS_PODFILE_DIR_PATH}/Podfile.lock",
				"${PODS_ROOT}/Manifest.lock",
			);
			name = "[CP] Check Pods Manifest.lock";
			outputFileListPaths = (
			);
			outputPaths = (
				"$(DERIVED_FILE_DIR)/Pods-SberCryptoUITests-checkManifestLockResult.txt",
			);
			runOnlyForDeploymentPostprocessing = 0;
			shellPath = /bin/sh;
			shellScript = "diff \"${PODS_PODFILE_DIR_PATH}/Podfile.lock\" \"${PODS_ROOT}/Manifest.lock\" > /dev/null\nif [ $? != 0 ] ; then\n    # print error to STDERR\n    echo \"error: The sandbox is not in sync with the Podfile.lock. Run 'pod install' or update your CocoaPods installation.\" >&2\n    exit 1\nfi\n# This output is used by Xcode 'outputs' to avoid re-running this script phase.\necho \"SUCCESS\" > \"${SCRIPT_OUTPUT_FILE_0}\"\n";
			showEnvVarsInLog = 0;
		};
/* End PBXShellScriptBuildPhase section */

/* Begin PBXSourcesBuildPhase section */
		13BE04A5228D975B001EFAAA /* Sources */ = {
			isa = PBXSourcesBuildPhase;
			buildActionMask = 2147483647;
			files = (
				13BE04AE228D975B001EFAAA /* AppDelegate.m in Sources */,
				1381CE592290C9D900B6B727 /* NewsCoreData+CoreDataProperties.m in Sources */,
				13BE04FC228DA51F001EFAAA /* NetworkHelper.m in Sources */,
				13BE0503228DA61D001EFAAA /* NewsModel.m in Sources */,
				13BE04BF228D975F001EFAAA /* main.m in Sources */,
				1381CE582290C9D900B6B727 /* NewsCoreData+CoreDataClass.m in Sources */,
				13BE051E228E03C9001EFAAA /* NewsViewController.m in Sources */,
				13BE04FF228DA5E9001EFAAA /* NetworkService.m in Sources */,
				13BE051B228DFFB1001EFAAA /* NewsTableViewCell.m in Sources */,
				13BE04B7228D975B001EFAAA /* SberCrypto.xcdatamodeld in Sources */,
				13245E1722909EF80043A513 /* NewsPresenterClass.m in Sources */,
				13934B192290C29900B2DDCB /* NewsCoreDataService.m in Sources */,
			);
			runOnlyForDeploymentPostprocessing = 0;
		};
		13BE04C0228D975F001EFAAA /* Sources */ = {
			isa = PBXSourcesBuildPhase;
			buildActionMask = 2147483647;
			files = (
				13BE04C9228D975F001EFAAA /* SberCryptoTests.m in Sources */,
			);
			runOnlyForDeploymentPostprocessing = 0;
		};
		13BE04CB228D975F001EFAAA /* Sources */ = {
			isa = PBXSourcesBuildPhase;
			buildActionMask = 2147483647;
			files = (
				13BE04D4228D975F001EFAAA /* SberCryptoUITests.m in Sources */,
			);
			runOnlyForDeploymentPostprocessing = 0;
		};
/* End PBXSourcesBuildPhase section */

/* Begin PBXTargetDependency section */
		13BE04C6228D975F001EFAAA /* PBXTargetDependency */ = {
			isa = PBXTargetDependency;
			target = 13BE04A8228D975B001EFAAA /* SberCrypto */;
			targetProxy = 13BE04C5228D975F001EFAAA /* PBXContainerItemProxy */;
		};
		13BE04D1228D975F001EFAAA /* PBXTargetDependency */ = {
			isa = PBXTargetDependency;
			target = 13BE04A8228D975B001EFAAA /* SberCrypto */;
			targetProxy = 13BE04D0228D975F001EFAAA /* PBXContainerItemProxy */;
		};
/* End PBXTargetDependency section */

/* Begin PBXVariantGroup section */
		13BE04BA228D975F001EFAAA /* LaunchScreen.storyboard */ = {
			isa = PBXVariantGroup;
			children = (
				13BE04BB228D975F001EFAAA /* Base */,
			);
			name = LaunchScreen.storyboard;
			sourceTree = "<group>";
		};
/* End PBXVariantGroup section */

/* Begin XCBuildConfiguration section */
		13BE04D6228D975F001EFAAA /* Debug */ = {
			isa = XCBuildConfiguration;
			buildSettings = {
				ALWAYS_SEARCH_USER_PATHS = NO;
				CLANG_ANALYZER_NONNULL = YES;
				CLANG_ANALYZER_NUMBER_OBJECT_CONVERSION = YES_AGGRESSIVE;
				CLANG_CXX_LANGUAGE_STANDARD = "gnu++14";
				CLANG_CXX_LIBRARY = "libc++";
				CLANG_ENABLE_MODULES = YES;
				CLANG_ENABLE_OBJC_ARC = YES;
				CLANG_ENABLE_OBJC_WEAK = YES;
				CLANG_WARN_BLOCK_CAPTURE_AUTORELEASING = YES;
				CLANG_WARN_BOOL_CONVERSION = YES;
				CLANG_WARN_COMMA = YES;
				CLANG_WARN_CONSTANT_CONVERSION = YES;
				CLANG_WARN_DEPRECATED_OBJC_IMPLEMENTATIONS = YES;
				CLANG_WARN_DIRECT_OBJC_ISA_USAGE = YES_ERROR;
				CLANG_WARN_DOCUMENTATION_COMMENTS = YES;
				CLANG_WARN_EMPTY_BODY = YES;
				CLANG_WARN_ENUM_CONVERSION = YES;
				CLANG_WARN_INFINITE_RECURSION = YES;
				CLANG_WARN_INT_CONVERSION = YES;
				CLANG_WARN_NON_LITERAL_NULL_CONVERSION = YES;
				CLANG_WARN_OBJC_IMPLICIT_RETAIN_SELF = YES;
				CLANG_WARN_OBJC_LITERAL_CONVERSION = YES;
				CLANG_WARN_OBJC_ROOT_CLASS = YES_ERROR;
				CLANG_WARN_RANGE_LOOP_ANALYSIS = YES;
				CLANG_WARN_STRICT_PROTOTYPES = YES;
				CLANG_WARN_SUSPICIOUS_MOVE = YES;
				CLANG_WARN_UNGUARDED_AVAILABILITY = YES_AGGRESSIVE;
				CLANG_WARN_UNREACHABLE_CODE = YES;
				CLANG_WARN__DUPLICATE_METHOD_MATCH = YES;
				CODE_SIGN_IDENTITY = "iPhone Developer";
				COPY_PHASE_STRIP = NO;
				DEBUG_INFORMATION_FORMAT = dwarf;
				ENABLE_STRICT_OBJC_MSGSEND = YES;
				ENABLE_TESTABILITY = YES;
				GCC_C_LANGUAGE_STANDARD = gnu11;
				GCC_DYNAMIC_NO_PIC = NO;
				GCC_NO_COMMON_BLOCKS = YES;
				GCC_OPTIMIZATION_LEVEL = 0;
				GCC_PREPROCESSOR_DEFINITIONS = (
					"DEBUG=1",
					"$(inherited)",
				);
				GCC_WARN_64_TO_32_BIT_CONVERSION = YES;
				GCC_WARN_ABOUT_RETURN_TYPE = YES_ERROR;
				GCC_WARN_UNDECLARED_SELECTOR = YES;
				GCC_WARN_UNINITIALIZED_AUTOS = YES_AGGRESSIVE;
				GCC_WARN_UNUSED_FUNCTION = YES;
				GCC_WARN_UNUSED_VARIABLE = YES;
				IPHONEOS_DEPLOYMENT_TARGET = 12.2;
				MTL_ENABLE_DEBUG_INFO = INCLUDE_SOURCE;
				MTL_FAST_MATH = YES;
				ONLY_ACTIVE_ARCH = YES;
				SDKROOT = iphoneos;
			};
			name = Debug;
		};
		13BE04D7228D975F001EFAAA /* Release */ = {
			isa = XCBuildConfiguration;
			buildSettings = {
				ALWAYS_SEARCH_USER_PATHS = NO;
				CLANG_ANALYZER_NONNULL = YES;
				CLANG_ANALYZER_NUMBER_OBJECT_CONVERSION = YES_AGGRESSIVE;
				CLANG_CXX_LANGUAGE_STANDARD = "gnu++14";
				CLANG_CXX_LIBRARY = "libc++";
				CLANG_ENABLE_MODULES = YES;
				CLANG_ENABLE_OBJC_ARC = YES;
				CLANG_ENABLE_OBJC_WEAK = YES;
				CLANG_WARN_BLOCK_CAPTURE_AUTORELEASING = YES;
				CLANG_WARN_BOOL_CONVERSION = YES;
				CLANG_WARN_COMMA = YES;
				CLANG_WARN_CONSTANT_CONVERSION = YES;
				CLANG_WARN_DEPRECATED_OBJC_IMPLEMENTATIONS = YES;
				CLANG_WARN_DIRECT_OBJC_ISA_USAGE = YES_ERROR;
				CLANG_WARN_DOCUMENTATION_COMMENTS = YES;
				CLANG_WARN_EMPTY_BODY = YES;
				CLANG_WARN_ENUM_CONVERSION = YES;
				CLANG_WARN_INFINITE_RECURSION = YES;
				CLANG_WARN_INT_CONVERSION = YES;
				CLANG_WARN_NON_LITERAL_NULL_CONVERSION = YES;
				CLANG_WARN_OBJC_IMPLICIT_RETAIN_SELF = YES;
				CLANG_WARN_OBJC_LITERAL_CONVERSION = YES;
				CLANG_WARN_OBJC_ROOT_CLASS = YES_ERROR;
				CLANG_WARN_RANGE_LOOP_ANALYSIS = YES;
				CLANG_WARN_STRICT_PROTOTYPES = YES;
				CLANG_WARN_SUSPICIOUS_MOVE = YES;
				CLANG_WARN_UNGUARDED_AVAILABILITY = YES_AGGRESSIVE;
				CLANG_WARN_UNREACHABLE_CODE = YES;
				CLANG_WARN__DUPLICATE_METHOD_MATCH = YES;
				CODE_SIGN_IDENTITY = "iPhone Developer";
				COPY_PHASE_STRIP = NO;
				DEBUG_INFORMATION_FORMAT = "dwarf-with-dsym";
				ENABLE_NS_ASSERTIONS = NO;
				ENABLE_STRICT_OBJC_MSGSEND = YES;
				GCC_C_LANGUAGE_STANDARD = gnu11;
				GCC_NO_COMMON_BLOCKS = YES;
				GCC_WARN_64_TO_32_BIT_CONVERSION = YES;
				GCC_WARN_ABOUT_RETURN_TYPE = YES_ERROR;
				GCC_WARN_UNDECLARED_SELECTOR = YES;
				GCC_WARN_UNINITIALIZED_AUTOS = YES_AGGRESSIVE;
				GCC_WARN_UNUSED_FUNCTION = YES;
				GCC_WARN_UNUSED_VARIABLE = YES;
				IPHONEOS_DEPLOYMENT_TARGET = 12.2;
				MTL_ENABLE_DEBUG_INFO = NO;
				MTL_FAST_MATH = YES;
				SDKROOT = iphoneos;
				VALIDATE_PRODUCT = YES;
			};
			name = Release;
		};
		13BE04D9228D975F001EFAAA /* Debug */ = {
			isa = XCBuildConfiguration;
			baseConfigurationReference = C659D9CCE69A3E8124A634E6 /* Pods-SberCrypto.debug.xcconfig */;
			buildSettings = {
				ASSETCATALOG_COMPILER_APPICON_NAME = AppIcon;
				CODE_SIGN_STYLE = Automatic;
				DEVELOPMENT_TEAM = TM54XW2DUL;
				INFOPLIST_FILE = SberCrypto/Info.plist;
				IPHONEOS_DEPLOYMENT_TARGET = 12.2;
				LD_RUNPATH_SEARCH_PATHS = (
					"$(inherited)",
					"@executable_path/Frameworks",
				);
				PRODUCT_BUNDLE_IDENTIFIER = ru.GryzinSA.SberCrypto;
				PRODUCT_NAME = "$(TARGET_NAME)";
				TARGETED_DEVICE_FAMILY = "1,2";
			};
			name = Debug;
		};
		13BE04DA228D975F001EFAAA /* Release */ = {
			isa = XCBuildConfiguration;
			baseConfigurationReference = 26E8E3722CDE87C3A7876B90 /* Pods-SberCrypto.release.xcconfig */;
			buildSettings = {
				ASSETCATALOG_COMPILER_APPICON_NAME = AppIcon;
				CODE_SIGN_STYLE = Automatic;
				DEVELOPMENT_TEAM = TM54XW2DUL;
				INFOPLIST_FILE = SberCrypto/Info.plist;
				IPHONEOS_DEPLOYMENT_TARGET = 12.2;
				LD_RUNPATH_SEARCH_PATHS = (
					"$(inherited)",
					"@executable_path/Frameworks",
				);
				PRODUCT_BUNDLE_IDENTIFIER = ru.GryzinSA.SberCrypto;
				PRODUCT_NAME = "$(TARGET_NAME)";
				TARGETED_DEVICE_FAMILY = "1,2";
			};
			name = Release;
		};
		13BE04DC228D975F001EFAAA /* Debug */ = {
			isa = XCBuildConfiguration;
			baseConfigurationReference = 9BC382F9C0732D4E929AA747 /* Pods-SberCryptoTests.debug.xcconfig */;
			buildSettings = {
				BUNDLE_LOADER = "$(TEST_HOST)";
				CODE_SIGN_STYLE = Automatic;
				DEVELOPMENT_TEAM = TM54XW2DUL;
				INFOPLIST_FILE = SberCryptoTests/Info.plist;
				LD_RUNPATH_SEARCH_PATHS = (
					"$(inherited)",
					"@executable_path/Frameworks",
					"@loader_path/Frameworks",
				);
				PRODUCT_BUNDLE_IDENTIFIER = ru.GryzinSA.SberCryptoTests;
				PRODUCT_NAME = "$(TARGET_NAME)";
				TARGETED_DEVICE_FAMILY = "1,2";
				TEST_HOST = "$(BUILT_PRODUCTS_DIR)/SberCrypto.app/SberCrypto";
			};
			name = Debug;
		};
		13BE04DD228D975F001EFAAA /* Release */ = {
			isa = XCBuildConfiguration;
			baseConfigurationReference = A55451C98A4BDA5CE971BAA0 /* Pods-SberCryptoTests.release.xcconfig */;
			buildSettings = {
				BUNDLE_LOADER = "$(TEST_HOST)";
				CODE_SIGN_STYLE = Automatic;
				DEVELOPMENT_TEAM = TM54XW2DUL;
				INFOPLIST_FILE = SberCryptoTests/Info.plist;
				LD_RUNPATH_SEARCH_PATHS = (
					"$(inherited)",
					"@executable_path/Frameworks",
					"@loader_path/Frameworks",
				);
				PRODUCT_BUNDLE_IDENTIFIER = ru.GryzinSA.SberCryptoTests;
				PRODUCT_NAME = "$(TARGET_NAME)";
				TARGETED_DEVICE_FAMILY = "1,2";
				TEST_HOST = "$(BUILT_PRODUCTS_DIR)/SberCrypto.app/SberCrypto";
			};
			name = Release;
		};
		13BE04DF228D975F001EFAAA /* Debug */ = {
			isa = XCBuildConfiguration;
			baseConfigurationReference = 7AB53B8D08C94FE044091112 /* Pods-SberCryptoUITests.debug.xcconfig */;
			buildSettings = {
				CODE_SIGN_STYLE = Automatic;
				DEVELOPMENT_TEAM = TM54XW2DUL;
				INFOPLIST_FILE = SberCryptoUITests/Info.plist;
				LD_RUNPATH_SEARCH_PATHS = (
					"$(inherited)",
					"@executable_path/Frameworks",
					"@loader_path/Frameworks",
				);
				PRODUCT_BUNDLE_IDENTIFIER = ru.GryzinSA.SberCryptoUITests;
				PRODUCT_NAME = "$(TARGET_NAME)";
				TARGETED_DEVICE_FAMILY = "1,2";
				TEST_TARGET_NAME = SberCrypto;
			};
			name = Debug;
		};
		13BE04E0228D975F001EFAAA /* Release */ = {
			isa = XCBuildConfiguration;
			baseConfigurationReference = 9D6DEB9BD541DE089F5E35FD /* Pods-SberCryptoUITests.release.xcconfig */;
			buildSettings = {
				CODE_SIGN_STYLE = Automatic;
				DEVELOPMENT_TEAM = TM54XW2DUL;
				INFOPLIST_FILE = SberCryptoUITests/Info.plist;
				LD_RUNPATH_SEARCH_PATHS = (
					"$(inherited)",
					"@executable_path/Frameworks",
					"@loader_path/Frameworks",
				);
				PRODUCT_BUNDLE_IDENTIFIER = ru.GryzinSA.SberCryptoUITests;
				PRODUCT_NAME = "$(TARGET_NAME)";
				TARGETED_DEVICE_FAMILY = "1,2";
				TEST_TARGET_NAME = SberCrypto;
			};
			name = Release;
		};
/* End XCBuildConfiguration section */

/* Begin XCConfigurationList section */
		13BE04A4228D975A001EFAAA /* Build configuration list for PBXProject "SberCrypto" */ = {
			isa = XCConfigurationList;
			buildConfigurations = (
				13BE04D6228D975F001EFAAA /* Debug */,
				13BE04D7228D975F001EFAAA /* Release */,
			);
			defaultConfigurationIsVisible = 0;
			defaultConfigurationName = Release;
		};
		13BE04D8228D975F001EFAAA /* Build configuration list for PBXNativeTarget "SberCrypto" */ = {
			isa = XCConfigurationList;
			buildConfigurations = (
				13BE04D9228D975F001EFAAA /* Debug */,
				13BE04DA228D975F001EFAAA /* Release */,
			);
			defaultConfigurationIsVisible = 0;
			defaultConfigurationName = Release;
		};
		13BE04DB228D975F001EFAAA /* Build configuration list for PBXNativeTarget "SberCryptoTests" */ = {
			isa = XCConfigurationList;
			buildConfigurations = (
				13BE04DC228D975F001EFAAA /* Debug */,
				13BE04DD228D975F001EFAAA /* Release */,
			);
			defaultConfigurationIsVisible = 0;
			defaultConfigurationName = Release;
		};
		13BE04DE228D975F001EFAAA /* Build configuration list for PBXNativeTarget "SberCryptoUITests" */ = {
			isa = XCConfigurationList;
			buildConfigurations = (
				13BE04DF228D975F001EFAAA /* Debug */,
				13BE04E0228D975F001EFAAA /* Release */,
			);
			defaultConfigurationIsVisible = 0;
			defaultConfigurationName = Release;
		};
/* End XCConfigurationList section */

/* Begin XCVersionGroup section */
		13BE04B5228D975B001EFAAA /* SberCrypto.xcdatamodeld */ = {
			isa = XCVersionGroup;
			children = (
				13BE04B6228D975B001EFAAA /* SberCrypto.xcdatamodel */,
			);
			currentVersion = 13BE04B6228D975B001EFAAA /* SberCrypto.xcdatamodel */;
			path = SberCrypto.xcdatamodeld;
			sourceTree = "<group>";
			versionGroupType = wrapper.xcdatamodel;
		};
/* End XCVersionGroup section */
	};
	rootObject = 13BE04A1228D975A001EFAAA /* Project object */;
}
